{
  "name": "airlines-2025",
  "lockfileVersion": 3,
  "requires": true,
  "packages": {
    "": {
      "dependencies": {
        "deno": "^2.6.1"
      }
    },
    "node_modules/@deno/darwin-arm64": {
      "version": "2.6.1",
      "resolved": "https://registry.npmjs.org/@deno/darwin-arm64/-/darwin-arm64-2.6.1.tgz",
      "integrity": "sha512-ZX84lnBACEVSZTix4IIerTXePQ6pjLtse+Pe5cwqpFyJxe57yE6C628S3jYBNM9vXbgSDwtMu3QHpg4KFQJ0Xg==",
      "cpu": [
        "arm64"
      ],
      "optional": true,
      "os": [
        "darwin"
      ]
    },
    "node_modules/@deno/darwin-x64": {
      "version": "2.6.1",
      "resolved": "https://registry.npmjs.org/@deno/darwin-x64/-/darwin-x64-2.6.1.tgz",
      "integrity": "sha512-RpezJ73ekVRy0C+w4I/XzMLmiu0ubwyLSaBhKBrP+baHatMbwI6MGMNxXSZs+sfN6qAfSjVDnSGwQu2+7gybMA==",
      "cpu": [
        "x64"
      ],
      "optional": true,
      "os": [
        "darwin"
      ]
    },
    "node_modules/@deno/linux-arm64-glibc": {
      "version": "2.6.1",
      "resolved": "https://registry.npmjs.org/@deno/linux-arm64-glibc/-/linux-arm64-glibc-2.6.1.tgz",
      "integrity": "sha512-TLnv0pxl1sMK6yvisE0640vVyhYowyDRCjx80SKGfyGrxITTE5AVqsJCP3ohjj1wKH6L1lZWF2CLWEVKlf8N+Q==",
      "cpu": [
        "arm64"
      ],
      "optional": true,
      "os": [
        "linux"
      ]
    },
    "node_modules/@deno/linux-x64-glibc": {
      "version": "2.6.1",
      "resolved": "https://registry.npmjs.org/@deno/linux-x64-glibc/-/linux-x64-glibc-2.6.1.tgz",
      "integrity": "sha512-JBdMsur+kdKGpfDSL9MSEVTsxUgvUZgtlccOU7IYLTEVuX6JL8JB5NPVNsRGoPw1cVap/f70kdAPcepdXYYBZA==",
      "cpu": [
        "x64"
      ],
      "optional": true,
      "os": [
        "linux"
      ]
    },
    "node_modules/@deno/win32-arm64": {
      "version": "2.6.1",
      "resolved": "https://registry.npmjs.org/@deno/win32-arm64/-/win32-arm64-2.6.1.tgz",
      "integrity": "sha512-LmhwA2B38SLGx4+UP33uakWIFKyWQc0g9iQpTlW0fCrKGTAMLL4q/L//GZsYUuApbj4BMcqOns/L+Qcn67NYAA==",
      "cpu": [
        "arm64"
      ],
      "optional": true,
      "os": [
        "win32"
      ]
    },
    "node_modules/@deno/win32-x64": {
      "version": "2.6.1",
      "resolved": "https://registry.npmjs.org/@deno/win32-x64/-/win32-x64-2.6.1.tgz",
      "integrity": "sha512-RwX+xWfd//gTCeU5uyPXYBjpDF6DXOK94ru+hdklXwb0pJMlO3+pMf5WXPZEfqLGiWu94itxNu4qxvSXEzlF4A==",
      "cpu": [
        "x64"
      ],
      "optional": true,
      "os": [
        "win32"
      ]
    },
    "node_modules/deno": {
      "version": "2.6.1",
      "resolved": "https://registry.npmjs.org/deno/-/deno-2.6.1.tgz",
      "integrity": "sha512-3We/axmqZJC81Vf5QS7YEIrgLJYrUkif+mFII+hZxxWp/PkgXej5HQK7E030VRo0f9L+S211VjYcsJUQWFwgVg==",
      "hasInstallScript": true,
      "bin": {
        "deno": "bin.cjs"
      },
      "optionalDependencies": {
        "@deno/darwin-arm64": "2.6.1",
        "@deno/darwin-x64": "2.6.1",
        "@deno/linux-arm64-glibc": "2.6.1",
        "@deno/linux-x64-glibc": "2.6.1",
        "@deno/win32-arm64": "2.6.1",
        "@deno/win32-x64": "2.6.1"
      }
    }
  }
}
